
Microsoft Visual Studio Solution File, Format Version 12.00
# Visual Studio 14
VisualStudioVersion = 14.0.23107.0
MinimumVisualStudioVersion = 10.0.40219.1
Project("{FAE04EC0-301F-11D3-BF4B-00C04F79EFBC}") = "Calorie", "Calorie\Calorie.csproj", "{7684E536-D435-4C85-8E34-A883AC5D1A8C}"
EndProject
Global
	GlobalSection(SolutionConfigurationPlatforms) = preSolution
		Debug|Any CPU = Debug|Any CPU
		n|Any CPU = n|Any CPU
		Release|Any CPU = Release|Any CPU
	EndGlobalSection
	GlobalSection(ProjectConfigurationPlatforms) = postSolution
		{7684E536-D435-4C85-8E34-A883AC5D1A8C}.Debug|Any CPU.ActiveCfg = Debug|Any CPU
		{7684E536-D435-4C85-8E34-A883AC5D1A8C}.Debug|Any CPU.Build.0 = Debug|Any CPU
		{7684E536-D435-4C85-8E34-A883AC5D1A8C}.n|Any CPU.ActiveCfg = n|Any CPU
		{7684E536-D435-4C85-8E34-A883AC5D1A8C}.n|Any CPU.Build.0 = n|Any CPU
		{7684E536-D435-4C85-8E34-A883AC5D1A8C}.Release|Any CPU.ActiveCfg = Release|Any CPU
		{7684E536-D435-4C85-8E34-A883AC5D1A8C}.Release|Any CPU.Build.0 = Release|Any CPU
	EndGlobalSection
	GlobalSection(SolutionProperties) = preSolution
		HideSolutionNode = FALSE
	EndGlobalSection
EndGlobal
